schema: '2.0'
stages:
  train_model:
    cmd: python model/modelling.py
    deps:
    - path: data/processed/train_data.csv
      hash: md5
      md5: 5f0f8120567a1e4cdbc9c8ee1f46747e
      size: 1403196
    - path: model/modelling.py
      hash: md5
      md5: bebb5133b7eaaff29a55bb4c6a2932d2
      size: 3042
    outs:
    - path: model/model.pkl
      hash: md5
      md5: c5c9edb2677856c95fa0bb6b1364bde4
      size: 325127
